
Microsoft Visual Studio Solution File, Format Version 12.00
# Visual Studio Version 17
VisualStudioVersion = 17.8.34316.72
MinimumVisualStudioVersion = 10.0.40219.1
Project("{FAE04EC0-301F-11D3-BF4B-00C04F79EFBC}") = "SerializeTester", "SerializeTester.csproj", "{6EB13D77-102E-4693-A582-58F88380644D}"
EndProject
Global
	GlobalSection(SolutionConfigurationPlatforms) = preSolution
		Debug|Any CPU = Debug|Any CPU
		Release|Any CPU = Release|Any CPU
	EndGlobalSection
	GlobalSection(ProjectConfigurationPlatforms) = postSolution
		{6EB13D77-102E-4693-A582-58F88380644D}.Debug|Any CPU.ActiveCfg = Debug|Any CPU
		{6EB13D77-102E-4693-A582-58F88380644D}.Debug|Any CPU.Build.0 = Debug|Any CPU
		{6EB13D77-102E-4693-A582-58F88380644D}.Release|Any CPU.ActiveCfg = Release|Any CPU
		{6EB13D77-102E-4693-A582-58F88380644D}.Release|Any CPU.Build.0 = Release|Any CPU
	EndGlobalSection
	GlobalSection(SolutionProperties) = preSolution
		HideSolutionNode = FALSE
	EndGlobalSection
	GlobalSection(ExtensibilityGlobals) = postSolution
		SolutionGuid = {6A637203-7A2D-44B4-B27B-F2FB0251EF37}
	EndGlobalSection
EndGlobal
